// !$*UTF8*$!
{
	archiveVersion = 1;
	classes = {
	};
	objectVersion = 46;
	objects = {

/* Begin PBXBuildFile section */
		3F3222B51C036DD6001422EA /* AppDelegate.swift in Sources */ = {isa = PBXBuildFile; fileRef = 3F3222B41C036DD6001422EA /* AppDelegate.swift */; };
		3F3222B71C036DD6001422EA /* ViewController.swift in Sources */ = {isa = PBXBuildFile; fileRef = 3F3222B61C036DD6001422EA /* ViewController.swift */; };
		3F3222BA1C036DD6001422EA /* Main.storyboard in Resources */ = {isa = PBXBuildFile; fileRef = 3F3222B81C036DD6001422EA /* Main.storyboard */; };
		3F3222BC1C036DD6001422EA /* Assets.xcassets in Resources */ = {isa = PBXBuildFile; fileRef = 3F3222BB1C036DD6001422EA /* Assets.xcassets */; };
		3F3222BF1C036DD6001422EA /* LaunchScreen.storyboard in Resources */ = {isa = PBXBuildFile; fileRef = 3F3222BD1C036DD6001422EA /* LaunchScreen.storyboard */; };
		3F3222CA1C036DD6001422EA /* GetYourHatTests.swift in Sources */ = {isa = PBXBuildFile; fileRef = 3F3222C91C036DD6001422EA /* GetYourHatTests.swift */; };
		3F3222D51C036DD6001422EA /* GetYourHatUITests.swift in Sources */ = {isa = PBXBuildFile; fileRef = 3F3222D41C036DD6001422EA /* GetYourHatUITests.swift */; };
/* End PBXBuildFile section */

/* Begin PBXContainerItemProxy section */
		3F3222C61C036DD6001422EA /* PBXContainerItemProxy */ = {
			isa = PBXContainerItemProxy;
			containerPortal = 3F3222A91C036DD5001422EA /* Project object */;
			proxyType = 1;
			remoteGlobalIDString = 3F3222B01C036DD5001422EA;
			remoteInfo = GetYourHat;
		};
		3F3222D11C036DD6001422EA /* PBXContainerItemProxy */ = {
			isa = PBXContainerItemProxy;
			containerPortal = 3F3222A91C036DD5001422EA /* Project object */;
			proxyType = 1;
			remoteGlobalIDString = 3F3222B01C036DD5001422EA;
			remoteInfo = GetYourHat;
		};
/* End PBXContainerItemProxy section */

/* Begin PBXFileReference section */
		3F3222B11C036DD6001422EA /* GetYourHat.app */ = {isa = PBXFileReference; explicitFileType = wrapper.application; includeInIndex = 0; path = GetYourHat.app; sourceTree = BUILT_PRODUCTS_DIR; };
		3F3222B41C036DD6001422EA /* AppDelegate.swift */ = {isa = PBXFileReference; lastKnownFileType = sourcecode.swift; path = AppDelegate.swift; sourceTree = "<group>"; };
		3F3222B61C036DD6001422EA /* ViewController.swift */ = {isa = PBXFileReference; lastKnownFileType = sourcecode.swift; path = ViewController.swift; sourceTree = "<group>"; };
		3F3222B91C036DD6001422EA /* Base */ = {isa = PBXFileReference; lastKnownFileType = file.storyboard; name = Base; path = Base.lproj/Main.storyboard; sourceTree = "<group>"; };
		3F3222BB1C036DD6001422EA /* Assets.xcassets */ = {isa = PBXFileReference; lastKnownFileType = folder.assetcatalog; path = Assets.xcassets; sourceTree = "<group>"; };
		3F3222BE1C036DD6001422EA /* Base */ = {isa = PBXFileReference; lastKnownFileType = file.storyboard; name = Base; path = Base.lproj/LaunchScreen.storyboard; sourceTree = "<group>"; };
		3F3222C01C036DD6001422EA /* Info.plist */ = {isa = PBXFileReference; lastKnownFileType = text.plist.xml; path = Info.plist; sourceTree = "<group>"; };
		3F3222C51C036DD6001422EA /* GetYourHatTests.xctest */ = {isa = PBXFileReference; explicitFileType = wrapper.cfbundle; includeInIndex = 0; path = GetYourHatTests.xctest; sourceTree = BUILT_PRODUCTS_DIR; };
		3F3222C91C036DD6001422EA /* GetYourHatTests.swift */ = {isa = PBXFileReference; lastKnownFileType = sourcecode.swift; path = GetYourHatTests.swift; sourceTree = "<group>"; };
		3F3222CB1C036DD6001422EA /* Info.plist */ = {isa = PBXFileReference; lastKnownFileType = text.plist.xml; path = Info.plist; sourceTree = "<group>"; };
		3F3222D01C036DD6001422EA /* GetYourHatUITests.xctest */ = {isa = PBXFileReference; explicitFileType = wrapper.cfbundle; includeInIndex = 0; path = GetYourHatUITests.xctest; sourceTree = BUILT_PRODUCTS_DIR; };
		3F3222D41C036DD6001422EA /* GetYourHatUITests.swift */ = {isa = PBXFileReference; lastKnownFileType = sourcecode.swift; path = GetYourHatUITests.swift; sourceTree = "<group>"; };
		3F3222D61C036DD6001422EA /* Info.plist */ = {isa = PBXFileReference; lastKnownFileType = text.plist.xml; path = Info.plist; sourceTree = "<group>"; };
/* End PBXFileReference section */

/* Begin PBXFrameworksBuildPhase section */
		3F3222AE1C036DD5001422EA /* Frameworks */ = {
			isa = PBXFrameworksBuildPhase;
			buildActionMask = 2147483647;
			files = (
			);
			runOnlyForDeploymentPostprocessing = 0;
		};
		3F3222C21C036DD6001422EA /* Frameworks */ = {
			isa = PBXFrameworksBuildPhase;
			buildActionMask = 2147483647;
			files = (
			);
			runOnlyForDeploymentPostprocessing = 0;
		};
		3F3222CD1C036DD6001422EA /* Frameworks */ = {
			isa = PBXFrameworksBuildPhase;
			buildActionMask = 2147483647;
			files = (
			);
			runOnlyForDeploymentPostprocessing = 0;
		};
/* End PBXFrameworksBuildPhase section */

/* Begin PBXGroup section */
		3F3222A81C036DD5001422EA = {
			isa = PBXGroup;
			children = (
				3F3222B31C036DD6001422EA /* GetYourHat */,
				3F3222C81C036DD6001422EA /* GetYourHatTests */,
				3F3222D31C036DD6001422EA /* GetYourHatUITests */,
				3F3222B21C036DD6001422EA /* Products */,
			);
			sourceTree = "<group>";
		};
		3F3222B21C036DD6001422EA /* Products */ = {
			isa = PBXGroup;
			children = (
				3F3222B11C036DD6001422EA /* GetYourHat.app */,
				3F3222C51C036DD6001422EA /* GetYourHatTests.xctest */,
				3F3222D01C036DD6001422EA /* GetYourHatUITests.xctest */,
			);
			name = Products;
			sourceTree = "<group>";
		};
		3F3222B31C036DD6001422EA /* GetYourHat */ = {
			isa = PBXGroup;
			children = (
				3F3222B41C036DD6001422EA /* AppDelegate.swift */,
				3F3222B61C036DD6001422EA /* ViewController.swift */,
				3F3222B81C036DD6001422EA /* Main.storyboard */,
				3F3222BB1C036DD6001422EA /* Assets.xcassets */,
				3F3222BD1C036DD6001422EA /* LaunchScreen.storyboard */,
				3F3222C01C036DD6001422EA /* Info.plist */,
			);
			path = GetYourHat;
			sourceTree = "<group>";
		};
		3F3222C81C036DD6001422EA /* GetYourHatTests */ = {
			isa = PBXGroup;
			children = (
				3F3222C91C036DD6001422EA /* GetYourHatTests.swift */,
				3F3222CB1C036DD6001422EA /* Info.plist */,
			);
			path = GetYourHatTests;
			sourceTree = "<group>";
		};
		3F3222D31C036DD6001422EA /* GetYourHatUITests */ = {
			isa = PBXGroup;
			children = (
				3F3222D41C036DD6001422EA /* GetYourHatUITests.swift */,
				3F3222D61C036DD6001422EA /* Info.plist */,
			);
			path = GetYourHatUITests;
			sourceTree = "<group>";
		};
/* End PBXGroup section */

/* Begin PBXNativeTarget section */
		3F3222B01C036DD5001422EA /* GetYourHat */ = {
			isa = PBXNativeTarget;
			buildConfigurationList = 3F3222D91C036DD6001422EA /* Build configuration list for PBXNativeTarget "GetYourHat" */;
			buildPhases = (
				3F3222AD1C036DD5001422EA /* Sources */,
				3F3222AE1C036DD5001422EA /* Frameworks */,
				3F3222AF1C036DD5001422EA /* Resources */,
			);
			buildRules = (
			);
			dependencies = (
			);
			name = GetYourHat;
			productName = GetYourHat;
			productReference = 3F3222B11C036DD6001422EA /* GetYourHat.app */;
			productType = "com.apple.product-type.application";
		};
		3F3222C41C036DD6001422EA /* GetYourHatTests */ = {
			isa = PBXNativeTarget;
			buildConfigurationList = 3F3222DC1C036DD6001422EA /* Build configuration list for PBXNativeTarget "GetYourHatTests" */;
			buildPhases = (
				3F3222C11C036DD6001422EA /* Sources */,
				3F3222C21C036DD6001422EA /* Frameworks */,
				3F3222C31C036DD6001422EA /* Resources */,
			);
			buildRules = (
			);
			dependencies = (
				3F3222C71C036DD6001422EA /* PBXTargetDependency */,
			);
			name = GetYourHatTests;
			productName = GetYourHatTests;
			productReference = 3F3222C51C036DD6001422EA /* GetYourHatTests.xctest */;
			productType = "com.apple.product-type.bundle.unit-test";
		};
		3F3222CF1C036DD6001422EA /* GetYourHatUITests */ = {
			isa = PBXNativeTarget;
			buildConfigurationList = 3F3222DF1C036DD6001422EA /* Build configuration list for PBXNativeTarget "GetYourHatUITests" */;
			buildPhases = (
				3F3222CC1C036DD6001422EA /* Sources */,
				3F3222CD1C036DD6001422EA /* Frameworks */,
				3F3222CE1C036DD6001422EA /* Resources */,
			);
			buildRules = (
			);
			dependencies = (
				3F3222D21C036DD6001422EA /* PBXTargetDependency */,
			);
			name = GetYourHatUITests;
			productName = GetYourHatUITests;
			productReference = 3F3222D01C036DD6001422EA /* GetYourHatUITests.xctest */;
			productType = "com.apple.product-type.bundle.ui-testing";
		};
/* End PBXNativeTarget section */

/* Begin PBXProject section */
		3F3222A91C036DD5001422EA /* Project object */ = {
			isa = PBXProject;
			attributes = {
				LastSwiftUpdateCheck = 0710;
				LastUpgradeCheck = 0710;
				ORGANIZATIONNAME = LNG;
				TargetAttributes = {
					3F3222B01C036DD5001422EA = {
						CreatedOnToolsVersion = 7.1.1;
					};
					3F3222C41C036DD6001422EA = {
						CreatedOnToolsVersion = 7.1.1;
						TestTargetID = 3F3222B01C036DD5001422EA;
					};
					3F3222CF1C036DD6001422EA = {
						CreatedOnToolsVersion = 7.1.1;
						TestTargetID = 3F3222B01C036DD5001422EA;
					};
				};
			};
			buildConfigurationList = 3F3222AC1C036DD5001422EA /* Build configuration list for PBXProject "GetYourHat" */;
			compatibilityVersion = "Xcode 3.2";
			developmentRegion = English;
			hasScannedForEncodings = 0;
			knownRegions = (
				en,
				Base,
			);
			mainGroup = 3F3222A81C036DD5001422EA;
			productRefGroup = 3F3222B21C036DD6001422EA /* Products */;
			projectDirPath = "";
			projectRoot = "";
			targets = (
				3F3222B01C036DD5001422EA /* GetYourHat */,
				3F3222C41C036DD6001422EA /* GetYourHatTests */,
				3F3222CF1C036DD6001422EA /* GetYourHatUITests */,
			);
		};
/* End PBXProject section */

/* Begin PBXResourcesBuildPhase section */
		3F3222AF1C036DD5001422EA /* Resources */ = {
			isa = PBXResourcesBuildPhase;
			buildActionMask = 2147483647;
			files = (
				3F3222BF1C036DD6001422EA /* LaunchScreen.storyboard in Resources */,
				3F3222BC1C036DD6001422EA /* Assets.xcassets in Resources */,
				3F3222BA1C036DD6001422EA /* Main.storyboard in Resources */,
			);
			runOnlyForDeploymentPostprocessing = 0;
		};
		3F3222C31C036DD6001422EA /* Resources */ = {
			isa = PBXResourcesBuildPhase;
			buildActionMask = 2147483647;
			files = (
			);
			runOnlyForDeploymentPostprocessing = 0;
		};
		3F3222CE1C036DD6001422EA /* Resources */ = {
			isa = PBXResourcesBuildPhase;
			buildActionMask = 2147483647;
			files = (
			);
			runOnlyForDeploymentPostprocessing = 0;
		};
/* End PBXResourcesBuildPhase section */

/* Begin PBXSourcesBuildPhase section */
		3F3222AD1C036DD5001422EA /* Sources */ = {
			isa = PBXSourcesBuildPhase;
			buildActionMask = 2147483647;
			files = (
				3F3222B71C036DD6001422EA /* ViewController.swift in Sources */,
				3F3222B51C036DD6001422EA /* AppDelegate.swift in Sources */,
			);
			runOnlyForDeploymentPostprocessing = 0;
		};
		3F3222C11C036DD6001422EA /* Sources */ = {
			isa = PBXSourcesBuildPhase;
			buildActionMask = 2147483647;
			files = (
				3F3222CA1C036DD6001422EA /* GetYourHatTests.swift in Sources */,
			);
			runOnlyForDeploymentPostprocessing = 0;
		};
		3F3222CC1C036DD6001422EA /* Sources */ = {
			isa = PBXSourcesBuildPhase;
			buildActionMask = 2147483647;
			files = (
				3F3222D51C036DD6001422EA /* GetYourHatUITests.swift in Sources */,
			);
			runOnlyForDeploymentPostprocessing = 0;
		};
/* End PBXSourcesBuildPhase section */

/* Begin PBXTargetDependency section */
		3F3222C71C036DD6001422EA /* PBXTargetDependency */ = {
			isa = PBXTargetDependency;
			target = 3F3222B01C036DD5001422EA /* GetYourHat */;
			targetProxy = 3F3222C61C036DD6001422EA /* PBXContainerItemProxy */;
		};
		3F3222D21C036DD6001422EA /* PBXTargetDependency */ = {
			isa = PBXTargetDependency;
			target = 3F3222B01C036DD5001422EA /* GetYourHat */;
			targetProxy = 3F3222D11C036DD6001422EA /* PBXContainerItemProxy */;
		};
/* End PBXTargetDependency section */

/* Begin PBXVariantGroup section */
		3F3222B81C036DD6001422EA /* Main.storyboard */ = {
			isa = PBXVariantGroup;
			children = (
				3F3222B91C036DD6001422EA /* Base */,
			);
			name = Main.storyboard;
			sourceTree = "<group>";
		};
		3F3222BD1C036DD6001422EA /* LaunchScreen.storyboard */ = {
			isa = PBXVariantGroup;
			children = (
				3F3222BE1C036DD6001422EA /* Base */,
			);
			name = LaunchScreen.storyboard;
			sourceTree = "<group>";
		};
/* End PBXVariantGroup section */

/* Begin XCBuildConfiguration section */
		3F3222D71C036DD6001422EA /* Debug */ = {
			isa = XCBuildConfiguration;
			buildSettings = {
				ALWAYS_SEARCH_USER_PATHS = NO;
				CLANG_CXX_LANGUAGE_STANDARD = "gnu++0x";
				CLANG_CXX_LIBRARY = "libc++";
				CLANG_ENABLE_MODULES = YES;
				CLANG_ENABLE_OBJC_ARC = YES;
				CLANG_WARN_BOOL_CONVERSION = YES;
				CLANG_WARN_CONSTANT_CONVERSION = YES;
				CLANG_WARN_DIRECT_OBJC_ISA_USAGE = YES_ERROR;
				CLANG_WARN_EMPTY_BODY = YES;
				CLANG_WARN_ENUM_CONVERSION = YES;
				CLANG_WARN_INT_CONVERSION = YES;
				CLANG_WARN_OBJC_ROOT_CLASS = YES_ERROR;
				CLANG_WARN_UNREACHABLE_CODE = YES;
				CLANG_WARN__DUPLICATE_METHOD_MATCH = YES;
				"CODE_SIGN_IDENTITY[sdk=iphoneos*]" = "iPhone Developer";
				COPY_PHASE_STRIP = NO;
				DEBUG_INFORMATION_FORMAT = dwarf;
				ENABLE_STRICT_OBJC_MSGSEND = YES;
				ENABLE_TESTABILITY = YES;
				GCC_C_LANGUAGE_STANDARD = gnu99;
				GCC_DYNAMIC_NO_PIC = NO;
				GCC_NO_COMMON_BLOCKS = YES;
				GCC_OPTIMIZATION_LEVEL = 0;
				GCC_PREPROCESSOR_DEFINITIONS = (
					"DEBUG=1",
					"$(inherited)",
				);
				GCC_WARN_64_TO_32_BIT_CONVERSION = YES;
				GCC_WARN_ABOUT_RETURN_TYPE = YES_ERROR;
				GCC_WARN_UNDECLARED_SELECTOR = YES;
				GCC_WARN_UNINITIALIZED_AUTOS = YES_AGGRESSIVE;
				GCC_WARN_UNUSED_FUNCTION = YES;
				GCC_WARN_UNUSED_VARIABLE = YES;
				IPHONEOS_DEPLOYMENT_TARGET = 9.1;
				MTL_ENABLE_DEBUG_INFO = YES;
				ONLY_ACTIVE_ARCH = YES;
				SDKROOT = iphoneos;
				SWIFT_OPTIMIZATION_LEVEL = "-Onone";
				TARGETED_DEVICE_FAMILY = "1,2";
			};
			name = Debug;
		};
		3F3222D81C036DD6001422EA /* Release */ = {
			isa = XCBuildConfiguration;
			buildSettings = {
				ALWAYS_SEARCH_USER_PATHS = NO;
				CLANG_CXX_LANGUAGE_STANDARD = "gnu++0x";
				CLANG_CXX_LIBRARY = "libc++";
				CLANG_ENABLE_MODULES = YES;
				CLANG_ENABLE_OBJC_ARC = YES;
				CLANG_WARN_BOOL_CONVERSION = YES;
				CLANG_WARN_CONSTANT_CONVERSION = YES;
				CLANG_WARN_DIRECT_OBJC_ISA_USAGE = YES_ERROR;
				CLANG_WARN_EMPTY_BODY = YES;
				CLANG_WARN_ENUM_CONVERSION = YES;
				CLANG_WARN_INT_CONVERSION = YES;
				CLANG_WARN_OBJC_ROOT_CLASS = YES_ERROR;
				CLANG_WARN_UNREACHABLE_CODE = YES;
				CLANG_WARN__DUPLICATE_METHOD_MATCH = YES;
				"CODE_SIGN_IDENTITY[sdk=iphoneos*]" = "iPhone Developer";
				COPY_PHASE_STRIP = NO;
				DEBUG_INFORMATION_FORMAT = "dwarf-with-dsym";
				ENABLE_NS_ASSERTIONS = NO;
				ENABLE_STRICT_OBJC_MSGSEND = YES;
				GCC_C_LANGUAGE_STANDARD = gnu99;
				GCC_NO_COMMON_BLOCKS = YES;
				GCC_WARN_64_TO_32_BIT_CONVERSION = YES;
				GCC_WARN_ABOUT_RETURN_TYPE = YES_ERROR;
				GCC_WARN_UNDECLARED_SELECTOR = YES;
				GCC_WARN_UNINITIALIZED_AUTOS = YES_AGGRESSIVE;
				GCC_WARN_UNUSED_FUNCTION = YES;
				GCC_WARN_UNUSED_VARIABLE = YES;
				IPHONEOS_DEPLOYMENT_TARGET = 9.1;
				MTL_ENABLE_DEBUG_INFO = NO;
				SDKROOT = iphoneos;
				TARGETED_DEVICE_FAMILY = "1,2";
				VALIDATE_PRODUCT = YES;
			};
			name = Release;
		};
		3F3222DA1C036DD6001422EA /* Debug */ = {
			isa = XCBuildConfiguration;
			buildSettings = {
				ASSETCATALOG_COMPILER_APPICON_NAME = AppIcon;
				INFOPLIST_FILE = GetYourHat/Info.plist;
				LD_RUNPATH_SEARCH_PATHS = "$(inherited) @executable_path/Frameworks";
				PRODUCT_BUNDLE_IDENTIFIER = LateNightGames.GetYourHat;
				PRODUCT_NAME = "$(TARGET_NAME)";
			};
			name = Debug;
		};
		3F3222DB1C036DD6001422EA /* Release */ = {
			isa = XCBuildConfiguration;
			buildSettings = {
				ASSETCATALOG_COMPILER_APPICON_NAME = AppIcon;
				INFOPLIST_FILE = GetYourHat/Info.plist;
				LD_RUNPATH_SEARCH_PATHS = "$(inherited) @executable_path/Frameworks";
				PRODUCT_BUNDLE_IDENTIFIER = LateNightGames.GetYourHat;
				PRODUCT_NAME = "$(TARGET_NAME)";
			};
			name = Release;
		};
		3F3222DD1C036DD6001422EA /* Debug */ = {
			isa = XCBuildConfiguration;
			buildSettings = {
				BUNDLE_LOADER = "$(TEST_HOST)";
				INFOPLIST_FILE = GetYourHatTests/Info.plist;
				LD_RUNPATH_SEARCH_PATHS = "$(inherited) @executable_path/Frameworks @loader_path/Frameworks";
				PRODUCT_BUNDLE_IDENTIFIER = LateNightGames.GetYourHatTests;
				PRODUCT_NAME = "$(TARGET_NAME)";
				TEST_HOST = "$(BUILT_PRODUCTS_DIR)/GetYourHat.app/GetYourHat";
			};
			name = Debug;
		};
		3F3222DE1C036DD6001422EA /* Release */ = {
			isa = XCBuildConfiguration;
			buildSettings = {
				BUNDLE_LOADER = "$(TEST_HOST)";
				INFOPLIST_FILE = GetYourHatTests/Info.plist;
				LD_RUNPATH_SEARCH_PATHS = "$(inherited) @executable_path/Frameworks @loader_path/Frameworks";
				PRODUCT_BUNDLE_IDENTIFIER = LateNightGames.GetYourHatTests;
				PRODUCT_NAME = "$(TARGET_NAME)";
				TEST_HOST = "$(BUILT_PRODUCTS_DIR)/GetYourHat.app/GetYourHat";
			};
			name = Release;
		};
		3F3222E01C036DD6001422EA /* Debug */ = {
			isa = XCBuildConfiguration;
			buildSettings = {
				INFOPLIST_FILE = GetYourHatUITests/Info.plist;
				LD_RUNPATH_SEARCH_PATHS = "$(inherited) @executable_path/Frameworks @loader_path/Frameworks";
				PRODUCT_BUNDLE_IDENTIFIER = LateNightGames.GetYourHatUITests;
				PRODUCT_NAME = "$(TARGET_NAME)";
				TEST_TARGET_NAME = GetYourHat;
				USES_XCTRUNNER = YES;
			};
			name = Debug;
		};
		3F3222E11C036DD6001422EA /* Release */ = {
			isa = XCBuildConfiguration;
			buildSettings = {
				INFOPLIST_FILE = GetYourHatUITests/Info.plist;
				LD_RUNPATH_SEARCH_PATHS = "$(inherited) @executable_path/Frameworks @loader_path/Frameworks";
				PRODUCT_BUNDLE_IDENTIFIER = LateNightGames.GetYourHatUITests;
				PRODUCT_NAME = "$(TARGET_NAME)";
				TEST_TARGET_NAME = GetYourHat;
				USES_XCTRUNNER = YES;
			};
			name = Release;
		};
/* End XCBuildConfiguration section */

/* Begin XCConfigurationList section */
		3F3222AC1C036DD5001422EA /* Build configuration list for PBXProject "GetYourHat" */ = {
			isa = XCConfigurationList;
			buildConfigurations = (
				3F3222D71C036DD6001422EA /* Debug */,
				3F3222D81C036DD6001422EA /* Release */,
			);
			defaultConfigurationIsVisible = 0;
			defaultConfigurationName = Release;
		};
		3F3222D91C036DD6001422EA /* Build configuration list for PBXNativeTarget "GetYourHat" */ = {
			isa = XCConfigurationList;
			buildConfigurations = (
				3F3222DA1C036DD6001422EA /* Debug */,
				3F3222DB1C036DD6001422EA /* Release */,
			);
			defaultConfigurationIsVisible = 0;
		};
		3F3222DC1C036DD6001422EA /* Build configuration list for PBXNativeTarget "GetYourHatTests" */ = {
			isa = XCConfigurationList;
			buildConfigurations = (
				3F3222DD1C036DD6001422EA /* Debug */,
				3F3222DE1C036DD6001422EA /* Release */,
			);
			defaultConfigurationIsVisible = 0;
		};
		3F3222DF1C036DD6001422EA /* Build configuration list for PBXNativeTarget "GetYourHatUITests" */ = {
			isa = XCConfigurationList;
			buildConfigurations = (
				3F3222E01C036DD6001422EA /* Debug */,
				3F3222E11C036DD6001422EA /* Release */,
			);
			defaultConfigurationIsVisible = 0;
		};
/* End XCConfigurationList section */
	};
	rootObject = 3F3222A91C036DD5001422EA /* Project object */;
}
